
Microsoft Visual Studio Solution File, Format Version 12.00
# Visual Studio Version 17
VisualStudioVersion = 17.11.35327.3
MinimumVisualStudioVersion = 10.0.40219.1
Project("{FAE04EC0-301F-11D3-BF4B-00C04F79EFBC}") = "TwistedFizzBuzz", "TwistedFizzBuzz\TwistedFizzBuzz.csproj", "{F0E9453A-1B4D-4887-9B3F-ABAA2F9E61C7}"
EndProject
Project("{FAE04EC0-301F-11D3-BF4B-00C04F79EFBC}") = "Tests", "Tests\Tests.csproj", "{C717B540-8AE5-4530-9D60-61A68E246DCA}"
EndProject
Project("{FAE04EC0-301F-11D3-BF4B-00C04F79EFBC}") = "StandardFizzBuzz", "StandardFizzBuzz\StandardFizzBuzz.csproj", "{2E908393-40E4-48B6-A810-5F05496AE0DE}"
EndProject
Project("{FAE04EC0-301F-11D3-BF4B-00C04F79EFBC}") = "ComplexFizzBuzz", "ComplexFizzBuzz\ComplexFizzBuzz.csproj", "{D15200CB-82A3-4251-8F02-0149A37E5E37}"
EndProject
Global
	GlobalSection(SolutionConfigurationPlatforms) = preSolution
		Debug|Any CPU = Debug|Any CPU
		Release|Any CPU = Release|Any CPU
	EndGlobalSection
	GlobalSection(ProjectConfigurationPlatforms) = postSolution
		{F0E9453A-1B4D-4887-9B3F-ABAA2F9E61C7}.Debug|Any CPU.ActiveCfg = Debug|Any CPU
		{F0E9453A-1B4D-4887-9B3F-ABAA2F9E61C7}.Debug|Any CPU.Build.0 = Debug|Any CPU
		{F0E9453A-1B4D-4887-9B3F-ABAA2F9E61C7}.Release|Any CPU.ActiveCfg = Release|Any CPU
		{F0E9453A-1B4D-4887-9B3F-ABAA2F9E61C7}.Release|Any CPU.Build.0 = Release|Any CPU
		{C717B540-8AE5-4530-9D60-61A68E246DCA}.Debug|Any CPU.ActiveCfg = Debug|Any CPU
		{C717B540-8AE5-4530-9D60-61A68E246DCA}.Debug|Any CPU.Build.0 = Debug|Any CPU
		{C717B540-8AE5-4530-9D60-61A68E246DCA}.Release|Any CPU.ActiveCfg = Release|Any CPU
		{C717B540-8AE5-4530-9D60-61A68E246DCA}.Release|Any CPU.Build.0 = Release|Any CPU
		{2E908393-40E4-48B6-A810-5F05496AE0DE}.Debug|Any CPU.ActiveCfg = Debug|Any CPU
		{2E908393-40E4-48B6-A810-5F05496AE0DE}.Debug|Any CPU.Build.0 = Debug|Any CPU
		{2E908393-40E4-48B6-A810-5F05496AE0DE}.Release|Any CPU.ActiveCfg = Release|Any CPU
		{2E908393-40E4-48B6-A810-5F05496AE0DE}.Release|Any CPU.Build.0 = Release|Any CPU
		{D15200CB-82A3-4251-8F02-0149A37E5E37}.Debug|Any CPU.ActiveCfg = Debug|Any CPU
		{D15200CB-82A3-4251-8F02-0149A37E5E37}.Debug|Any CPU.Build.0 = Debug|Any CPU
		{D15200CB-82A3-4251-8F02-0149A37E5E37}.Release|Any CPU.ActiveCfg = Release|Any CPU
		{D15200CB-82A3-4251-8F02-0149A37E5E37}.Release|Any CPU.Build.0 = Release|Any CPU
	EndGlobalSection
	GlobalSection(SolutionProperties) = preSolution
		HideSolutionNode = FALSE
	EndGlobalSection
	GlobalSection(ExtensibilityGlobals) = postSolution
		SolutionGuid = {7FCC9E80-6E25-481B-8C44-C7CC250CB762}
	EndGlobalSection
EndGlobal
